
Microsoft Visual Studio Solution File, Format Version 12.00
# Visual Studio Version 17
VisualStudioVersion = 17.4.33213.308
MinimumVisualStudioVersion = 10.0.40219.1
Project("{FAE04EC0-301F-11D3-BF4B-00C04F79EFBC}") = "UserManagement.Identity.FrontEndAPI", "UserManagementIdentity\UserManagement.Identity.FrontEndAPI.csproj", "{5237045E-8C9B-41EE-8D58-0E83DBC732A8}"
EndProject
Project("{FAE04EC0-301F-11D3-BF4B-00C04F79EFBC}") = "UserManagement.Identity.BLL", "UserManagement.Identity.BLL\UserManagement.Identity.BLL.csproj", "{77FF6D85-2B53-4318-87D7-EDED15F13A2C}"
EndProject
Project("{FAE04EC0-301F-11D3-BF4B-00C04F79EFBC}") = "UserManagement.Identity.DAL", "UserManagement.Identity.DAL\UserManagement.Identity.DAL.csproj", "{6B551815-3AF6-4373-8B13-402C5D79B750}"
EndProject
Global
	GlobalSection(SolutionConfigurationPlatforms) = preSolution
		Debug|Any CPU = Debug|Any CPU
		Release|Any CPU = Release|Any CPU
	EndGlobalSection
	GlobalSection(ProjectConfigurationPlatforms) = postSolution
		{5237045E-8C9B-41EE-8D58-0E83DBC732A8}.Debug|Any CPU.ActiveCfg = Debug|Any CPU
		{5237045E-8C9B-41EE-8D58-0E83DBC732A8}.Debug|Any CPU.Build.0 = Debug|Any CPU
		{5237045E-8C9B-41EE-8D58-0E83DBC732A8}.Release|Any CPU.ActiveCfg = Release|Any CPU
		{5237045E-8C9B-41EE-8D58-0E83DBC732A8}.Release|Any CPU.Build.0 = Release|Any CPU
		{77FF6D85-2B53-4318-87D7-EDED15F13A2C}.Debug|Any CPU.ActiveCfg = Debug|Any CPU
		{77FF6D85-2B53-4318-87D7-EDED15F13A2C}.Debug|Any CPU.Build.0 = Debug|Any CPU
		{77FF6D85-2B53-4318-87D7-EDED15F13A2C}.Release|Any CPU.ActiveCfg = Release|Any CPU
		{77FF6D85-2B53-4318-87D7-EDED15F13A2C}.Release|Any CPU.Build.0 = Release|Any CPU
		{6B551815-3AF6-4373-8B13-402C5D79B750}.Debug|Any CPU.ActiveCfg = Debug|Any CPU
		{6B551815-3AF6-4373-8B13-402C5D79B750}.Debug|Any CPU.Build.0 = Debug|Any CPU
		{6B551815-3AF6-4373-8B13-402C5D79B750}.Release|Any CPU.ActiveCfg = Release|Any CPU
		{6B551815-3AF6-4373-8B13-402C5D79B750}.Release|Any CPU.Build.0 = Release|Any CPU
	EndGlobalSection
	GlobalSection(SolutionProperties) = preSolution
		HideSolutionNode = FALSE
	EndGlobalSection
	GlobalSection(ExtensibilityGlobals) = postSolution
		SolutionGuid = {D3B6CC7D-1D68-47BA-BB01-E41B798F34B9}
	EndGlobalSection
EndGlobal
